
Microsoft Visual Studio Solution File, Format Version 12.00
# Visual Studio Version 17
VisualStudioVersion = 17.0.32112.339
MinimumVisualStudioVersion = 10.0.40219.1
Project("{8BC9CEB8-8B4A-11D0-8D11-00A0C91BC942}") = "Functions", "Functions\Functions.vcxproj", "{1D05CADE-CBFE-4A4A-BACD-AD73998591AC}"
EndProject
Project("{8BC9CEB8-8B4A-11D0-8D11-00A0C91BC942}") = "Homework", "Homework\Homework.vcxproj", "{6254A544-C189-48CB-94E0-65411FFB98D7}"
EndProject
Project("{8BC9CEB8-8B4A-11D0-8D11-00A0C91BC942}") = "Arrays", "Arrays\Arrays.vcxproj", "{09651249-1FB4-4F3F-A0E7-1422F70487AB}"
EndProject
Project("{8BC9CEB8-8B4A-11D0-8D11-00A0C91BC942}") = "Overload in progress", "Overload in progress\Overload in progress.vcxproj", "{4A7346A3-80BA-44FD-A6FD-56481617CC7C}"
EndProject
Project("{8BC9CEB8-8B4A-11D0-8D11-00A0C91BC942}") = "Template", "Template\Template.vcxproj", "{3A89D91A-47E2-47C8-ABAD-1B6E57D65C6C}"
EndProject
Project("{8BC9CEB8-8B4A-11D0-8D11-00A0C91BC942}") = "Array overloading", "array overloading\array overloading.vcxproj", "{E85FB49A-BC5B-4B1B-8FF9-938B9B089467}"
EndProject
Project("{8BC9CEB8-8B4A-11D0-8D11-00A0C91BC942}") = "Pointers", "Pointers\Pointers.vcxproj", "{FE7F1131-18AC-43BC-B105-92EE38191653}"
EndProject
Project("{8BC9CEB8-8B4A-11D0-8D11-00A0C91BC942}") = "TransferParameters", "TransferParameters\TransferParameters.vcxproj", "{A86EE13E-09B8-49E1-8E90-E1AFE25378F0}"
EndProject
Global
	GlobalSection(SolutionConfigurationPlatforms) = preSolution
		Debug|x64 = Debug|x64
		Debug|x86 = Debug|x86
		Release|x64 = Release|x64
		Release|x86 = Release|x86
	EndGlobalSection
	GlobalSection(ProjectConfigurationPlatforms) = postSolution
		{1D05CADE-CBFE-4A4A-BACD-AD73998591AC}.Debug|x64.ActiveCfg = Debug|x64
		{1D05CADE-CBFE-4A4A-BACD-AD73998591AC}.Debug|x64.Build.0 = Debug|x64
		{1D05CADE-CBFE-4A4A-BACD-AD73998591AC}.Debug|x86.ActiveCfg = Debug|Win32
		{1D05CADE-CBFE-4A4A-BACD-AD73998591AC}.Debug|x86.Build.0 = Debug|Win32
		{1D05CADE-CBFE-4A4A-BACD-AD73998591AC}.Release|x64.ActiveCfg = Release|x64
		{1D05CADE-CBFE-4A4A-BACD-AD73998591AC}.Release|x64.Build.0 = Release|x64
		{1D05CADE-CBFE-4A4A-BACD-AD73998591AC}.Release|x86.ActiveCfg = Release|Win32
		{1D05CADE-CBFE-4A4A-BACD-AD73998591AC}.Release|x86.Build.0 = Release|Win32
		{6254A544-C189-48CB-94E0-65411FFB98D7}.Debug|x64.ActiveCfg = Debug|x64
		{6254A544-C189-48CB-94E0-65411FFB98D7}.Debug|x64.Build.0 = Debug|x64
		{6254A544-C189-48CB-94E0-65411FFB98D7}.Debug|x86.ActiveCfg = Debug|Win32
		{6254A544-C189-48CB-94E0-65411FFB98D7}.Debug|x86.Build.0 = Debug|Win32
		{6254A544-C189-48CB-94E0-65411FFB98D7}.Release|x64.ActiveCfg = Release|x64
		{6254A544-C189-48CB-94E0-65411FFB98D7}.Release|x64.Build.0 = Release|x64
		{6254A544-C189-48CB-94E0-65411FFB98D7}.Release|x86.ActiveCfg = Release|Win32
		{6254A544-C189-48CB-94E0-65411FFB98D7}.Release|x86.Build.0 = Release|Win32
		{09651249-1FB4-4F3F-A0E7-1422F70487AB}.Debug|x64.ActiveCfg = Debug|x64
		{09651249-1FB4-4F3F-A0E7-1422F70487AB}.Debug|x64.Build.0 = Debug|x64
		{09651249-1FB4-4F3F-A0E7-1422F70487AB}.Debug|x86.ActiveCfg = Debug|Win32
		{09651249-1FB4-4F3F-A0E7-1422F70487AB}.Debug|x86.Build.0 = Debug|Win32
		{09651249-1FB4-4F3F-A0E7-1422F70487AB}.Release|x64.ActiveCfg = Release|x64
		{09651249-1FB4-4F3F-A0E7-1422F70487AB}.Release|x64.Build.0 = Release|x64
		{09651249-1FB4-4F3F-A0E7-1422F70487AB}.Release|x86.ActiveCfg = Release|Win32
		{09651249-1FB4-4F3F-A0E7-1422F70487AB}.Release|x86.Build.0 = Release|Win32
		{4A7346A3-80BA-44FD-A6FD-56481617CC7C}.Debug|x64.ActiveCfg = Debug|x64
		{4A7346A3-80BA-44FD-A6FD-56481617CC7C}.Debug|x64.Build.0 = Debug|x64
		{4A7346A3-80BA-44FD-A6FD-56481617CC7C}.Debug|x86.ActiveCfg = Debug|Win32
		{4A7346A3-80BA-44FD-A6FD-56481617CC7C}.Debug|x86.Build.0 = Debug|Win32
		{4A7346A3-80BA-44FD-A6FD-56481617CC7C}.Release|x64.ActiveCfg = Release|x64
		{4A7346A3-80BA-44FD-A6FD-56481617CC7C}.Release|x64.Build.0 = Release|x64
		{4A7346A3-80BA-44FD-A6FD-56481617CC7C}.Release|x86.ActiveCfg = Release|Win32
		{4A7346A3-80BA-44FD-A6FD-56481617CC7C}.Release|x86.Build.0 = Release|Win32
		{3A89D91A-47E2-47C8-ABAD-1B6E57D65C6C}.Debug|x64.ActiveCfg = Debug|x64
		{3A89D91A-47E2-47C8-ABAD-1B6E57D65C6C}.Debug|x64.Build.0 = Debug|x64
		{3A89D91A-47E2-47C8-ABAD-1B6E57D65C6C}.Debug|x86.ActiveCfg = Debug|Win32
		{3A89D91A-47E2-47C8-ABAD-1B6E57D65C6C}.Debug|x86.Build.0 = Debug|Win32
		{3A89D91A-47E2-47C8-ABAD-1B6E57D65C6C}.Release|x64.ActiveCfg = Release|x64
		{3A89D91A-47E2-47C8-ABAD-1B6E57D65C6C}.Release|x64.Build.0 = Release|x64
		{3A89D91A-47E2-47C8-ABAD-1B6E57D65C6C}.Release|x86.ActiveCfg = Release|Win32
		{3A89D91A-47E2-47C8-ABAD-1B6E57D65C6C}.Release|x86.Build.0 = Release|Win32
		{E85FB49A-BC5B-4B1B-8FF9-938B9B089467}.Debug|x64.ActiveCfg = Debug|x64
		{E85FB49A-BC5B-4B1B-8FF9-938B9B089467}.Debug|x64.Build.0 = Debug|x64
		{E85FB49A-BC5B-4B1B-8FF9-938B9B089467}.Debug|x86.ActiveCfg = Debug|Win32
		{E85FB49A-BC5B-4B1B-8FF9-938B9B089467}.Debug|x86.Build.0 = Debug|Win32
		{E85FB49A-BC5B-4B1B-8FF9-938B9B089467}.Release|x64.ActiveCfg = Release|x64
		{E85FB49A-BC5B-4B1B-8FF9-938B9B089467}.Release|x64.Build.0 = Release|x64
		{E85FB49A-BC5B-4B1B-8FF9-938B9B089467}.Release|x86.ActiveCfg = Release|Win32
		{E85FB49A-BC5B-4B1B-8FF9-938B9B089467}.Release|x86.Build.0 = Release|Win32
		{FE7F1131-18AC-43BC-B105-92EE38191653}.Debug|x64.ActiveCfg = Debug|x64
		{FE7F1131-18AC-43BC-B105-92EE38191653}.Debug|x64.Build.0 = Debug|x64
		{FE7F1131-18AC-43BC-B105-92EE38191653}.Debug|x86.ActiveCfg = Debug|Win32
		{FE7F1131-18AC-43BC-B105-92EE38191653}.Debug|x86.Build.0 = Debug|Win32
		{FE7F1131-18AC-43BC-B105-92EE38191653}.Release|x64.ActiveCfg = Release|x64
		{FE7F1131-18AC-43BC-B105-92EE38191653}.Release|x64.Build.0 = Release|x64
		{FE7F1131-18AC-43BC-B105-92EE38191653}.Release|x86.ActiveCfg = Release|Win32
		{FE7F1131-18AC-43BC-B105-92EE38191653}.Release|x86.Build.0 = Release|Win32
		{A86EE13E-09B8-49E1-8E90-E1AFE25378F0}.Debug|x64.ActiveCfg = Debug|x64
		{A86EE13E-09B8-49E1-8E90-E1AFE25378F0}.Debug|x64.Build.0 = Debug|x64
		{A86EE13E-09B8-49E1-8E90-E1AFE25378F0}.Debug|x86.ActiveCfg = Debug|Win32
		{A86EE13E-09B8-49E1-8E90-E1AFE25378F0}.Debug|x86.Build.0 = Debug|Win32
		{A86EE13E-09B8-49E1-8E90-E1AFE25378F0}.Release|x64.ActiveCfg = Release|x64
		{A86EE13E-09B8-49E1-8E90-E1AFE25378F0}.Release|x64.Build.0 = Release|x64
		{A86EE13E-09B8-49E1-8E90-E1AFE25378F0}.Release|x86.ActiveCfg = Release|Win32
		{A86EE13E-09B8-49E1-8E90-E1AFE25378F0}.Release|x86.Build.0 = Release|Win32
	EndGlobalSection
	GlobalSection(SolutionProperties) = preSolution
		HideSolutionNode = FALSE
	EndGlobalSection
	GlobalSection(ExtensibilityGlobals) = postSolution
		SolutionGuid = {2FD7C01E-4CE2-4919-8C35-2970B7EE84C7}
	EndGlobalSection
EndGlobal
